
Microsoft Visual Studio Solution File, Format Version 12.00
# Visual Studio Version 17
VisualStudioVersion = 17.5.33516.290
MinimumVisualStudioVersion = 10.0.40219.1
Project("{9A19103F-16F7-4668-BE54-9A1E7A4F7556}") = "FP", "FP\FP.csproj", "{3C5D117F-9E67-481B-AFB0-03FFF3B4628B}"
EndProject
Global
	GlobalSection(SolutionConfigurationPlatforms) = preSolution
		Debug|Any CPU = Debug|Any CPU
		Release|Any CPU = Release|Any CPU
	EndGlobalSection
	GlobalSection(ProjectConfigurationPlatforms) = postSolution
		{3C5D117F-9E67-481B-AFB0-03FFF3B4628B}.Debug|Any CPU.ActiveCfg = Debug|Any CPU
		{3C5D117F-9E67-481B-AFB0-03FFF3B4628B}.Debug|Any CPU.Build.0 = Debug|Any CPU
		{3C5D117F-9E67-481B-AFB0-03FFF3B4628B}.Release|Any CPU.ActiveCfg = Release|Any CPU
		{3C5D117F-9E67-481B-AFB0-03FFF3B4628B}.Release|Any CPU.Build.0 = Release|Any CPU
	EndGlobalSection
	GlobalSection(SolutionProperties) = preSolution
		HideSolutionNode = FALSE
	EndGlobalSection
	GlobalSection(ExtensibilityGlobals) = postSolution
		SolutionGuid = {81B1CE27-9ABC-402F-8EAD-968C32E9A827}
	EndGlobalSection
EndGlobal
